
Microsoft Visual Studio Solution File, Format Version 12.00
# Visual Studio Version 17
VisualStudioVersion = 17.4.33205.214
MinimumVisualStudioVersion = 10.0.40219.1
Project("{9A19103F-16F7-4668-BE54-9A1E7A4F7556}") = "Session-10", "Session-10\Session-10.csproj", "{A1108F49-7581-42A5-AEB9-3E0F63BBBBAF}"
EndProject
Project("{FAE04EC0-301F-11D3-BF4B-00C04F79EFBC}") = "Session-10-Library", "Session-10-Library\Session-10-Library.csproj", "{5E6D7A55-D232-4D9F-ACFD-D3FED6A79D93}"
EndProject
Global
	GlobalSection(SolutionConfigurationPlatforms) = preSolution
		Debug|Any CPU = Debug|Any CPU
		Release|Any CPU = Release|Any CPU
	EndGlobalSection
	GlobalSection(ProjectConfigurationPlatforms) = postSolution
		{A1108F49-7581-42A5-AEB9-3E0F63BBBBAF}.Debug|Any CPU.ActiveCfg = Debug|Any CPU
		{A1108F49-7581-42A5-AEB9-3E0F63BBBBAF}.Debug|Any CPU.Build.0 = Debug|Any CPU
		{A1108F49-7581-42A5-AEB9-3E0F63BBBBAF}.Release|Any CPU.ActiveCfg = Release|Any CPU
		{A1108F49-7581-42A5-AEB9-3E0F63BBBBAF}.Release|Any CPU.Build.0 = Release|Any CPU
		{5E6D7A55-D232-4D9F-ACFD-D3FED6A79D93}.Debug|Any CPU.ActiveCfg = Debug|Any CPU
		{5E6D7A55-D232-4D9F-ACFD-D3FED6A79D93}.Debug|Any CPU.Build.0 = Debug|Any CPU
		{5E6D7A55-D232-4D9F-ACFD-D3FED6A79D93}.Release|Any CPU.ActiveCfg = Release|Any CPU
		{5E6D7A55-D232-4D9F-ACFD-D3FED6A79D93}.Release|Any CPU.Build.0 = Release|Any CPU
	EndGlobalSection
	GlobalSection(SolutionProperties) = preSolution
		HideSolutionNode = FALSE
	EndGlobalSection
	GlobalSection(ExtensibilityGlobals) = postSolution
		SolutionGuid = {5A7FBB3D-D621-4D57-9348-9AA711F223AC}
	EndGlobalSection
EndGlobal
