
Microsoft Visual Studio Solution File, Format Version 12.00
# Visual Studio Version 17
VisualStudioVersion = 17.4.33205.214
MinimumVisualStudioVersion = 10.0.40219.1
Project("{FAE04EC0-301F-11D3-BF4B-00C04F79EFBC}") = "FuelStation.Model", "FuelStation.Model\FuelStation.Model.csproj", "{CE269244-690C-4EA4-A787-FC89A207D71E}"
EndProject
Global
	GlobalSection(SolutionConfigurationPlatforms) = preSolution
		Debug|Any CPU = Debug|Any CPU
		Release|Any CPU = Release|Any CPU
	EndGlobalSection
	GlobalSection(ProjectConfigurationPlatforms) = postSolution
		{CE269244-690C-4EA4-A787-FC89A207D71E}.Debug|Any CPU.ActiveCfg = Debug|Any CPU
		{CE269244-690C-4EA4-A787-FC89A207D71E}.Debug|Any CPU.Build.0 = Debug|Any CPU
		{CE269244-690C-4EA4-A787-FC89A207D71E}.Release|Any CPU.ActiveCfg = Release|Any CPU
		{CE269244-690C-4EA4-A787-FC89A207D71E}.Release|Any CPU.Build.0 = Release|Any CPU
	EndGlobalSection
	GlobalSection(SolutionProperties) = preSolution
		HideSolutionNode = FALSE
	EndGlobalSection
	GlobalSection(ExtensibilityGlobals) = postSolution
		SolutionGuid = {36F4255E-51C5-46FB-97FA-2D05608851ED}
	EndGlobalSection
EndGlobal
