
Microsoft Visual Studio Solution File, Format Version 12.00
# Visual Studio Version 17
VisualStudioVersion = 17.4.33205.214
MinimumVisualStudioVersion = 10.0.40219.1
Project("{9A19103F-16F7-4668-BE54-9A1E7A4F7556}") = "FuelStation.Model", "FuelStation.Model\FuelStation.Model.csproj", "{CE269244-690C-4EA4-A787-FC89A207D71E}"
EndProject
Project("{9A19103F-16F7-4668-BE54-9A1E7A4F7556}") = "FuelStation.EF", "FuelStation.EF\FuelStation.EF.csproj", "{55E3359D-FFF2-4BDE-B4FE-D967885139EC}"
EndProject
Project("{9A19103F-16F7-4668-BE54-9A1E7A4F7556}") = "FuelStation.Web.Blazor.Server", "FuelStation.Web.Blazor\Server\FuelStation.Web.Blazor.Server.csproj", "{D47B9C5C-FB3B-4F61-BB39-AF61BAB9809A}"
EndProject
Project("{9A19103F-16F7-4668-BE54-9A1E7A4F7556}") = "FuelStation.Web.Blazor.Client", "FuelStation.Web.Blazor\Client\FuelStation.Web.Blazor.Client.csproj", "{4C105848-5EA4-4FF0-AF4D-D05136D725FF}"
EndProject
Project("{9A19103F-16F7-4668-BE54-9A1E7A4F7556}") = "FuelStation.Web.Blazor.Shared", "FuelStation.Web.Blazor\Shared\FuelStation.Web.Blazor.Shared.csproj", "{3B4B6425-00DF-4A6D-A5DE-DBDFCDA7EEE0}"
EndProject
Project("{2150E333-8FDC-42A3-9474-1A3956D46DE8}") = "FuelStation.Web.Blazor", "FuelStation.Web.Blazor", "{9AB1F461-1EF0-4B74-9291-5AD5120FD8D4}"
EndProject
Project("{9A19103F-16F7-4668-BE54-9A1E7A4F7556}") = "FuelStation.DevEx", "FuelStation.DevEx\FuelStation.DevEx.csproj", "{9D87FB1B-B5E7-446B-A10F-97959DB92B2E}"
EndProject
Global
	GlobalSection(SolutionConfigurationPlatforms) = preSolution
		Debug|Any CPU = Debug|Any CPU
		Release|Any CPU = Release|Any CPU
	EndGlobalSection
	GlobalSection(ProjectConfigurationPlatforms) = postSolution
		{CE269244-690C-4EA4-A787-FC89A207D71E}.Debug|Any CPU.ActiveCfg = Debug|Any CPU
		{CE269244-690C-4EA4-A787-FC89A207D71E}.Debug|Any CPU.Build.0 = Debug|Any CPU
		{CE269244-690C-4EA4-A787-FC89A207D71E}.Release|Any CPU.ActiveCfg = Release|Any CPU
		{CE269244-690C-4EA4-A787-FC89A207D71E}.Release|Any CPU.Build.0 = Release|Any CPU
		{55E3359D-FFF2-4BDE-B4FE-D967885139EC}.Debug|Any CPU.ActiveCfg = Debug|Any CPU
		{55E3359D-FFF2-4BDE-B4FE-D967885139EC}.Debug|Any CPU.Build.0 = Debug|Any CPU
		{55E3359D-FFF2-4BDE-B4FE-D967885139EC}.Release|Any CPU.ActiveCfg = Release|Any CPU
		{55E3359D-FFF2-4BDE-B4FE-D967885139EC}.Release|Any CPU.Build.0 = Release|Any CPU
		{D47B9C5C-FB3B-4F61-BB39-AF61BAB9809A}.Debug|Any CPU.ActiveCfg = Debug|Any CPU
		{D47B9C5C-FB3B-4F61-BB39-AF61BAB9809A}.Debug|Any CPU.Build.0 = Debug|Any CPU
		{D47B9C5C-FB3B-4F61-BB39-AF61BAB9809A}.Release|Any CPU.ActiveCfg = Release|Any CPU
		{D47B9C5C-FB3B-4F61-BB39-AF61BAB9809A}.Release|Any CPU.Build.0 = Release|Any CPU
		{4C105848-5EA4-4FF0-AF4D-D05136D725FF}.Debug|Any CPU.ActiveCfg = Debug|Any CPU
		{4C105848-5EA4-4FF0-AF4D-D05136D725FF}.Debug|Any CPU.Build.0 = Debug|Any CPU
		{4C105848-5EA4-4FF0-AF4D-D05136D725FF}.Release|Any CPU.ActiveCfg = Release|Any CPU
		{4C105848-5EA4-4FF0-AF4D-D05136D725FF}.Release|Any CPU.Build.0 = Release|Any CPU
		{3B4B6425-00DF-4A6D-A5DE-DBDFCDA7EEE0}.Debug|Any CPU.ActiveCfg = Debug|Any CPU
		{3B4B6425-00DF-4A6D-A5DE-DBDFCDA7EEE0}.Debug|Any CPU.Build.0 = Debug|Any CPU
		{3B4B6425-00DF-4A6D-A5DE-DBDFCDA7EEE0}.Release|Any CPU.ActiveCfg = Release|Any CPU
		{3B4B6425-00DF-4A6D-A5DE-DBDFCDA7EEE0}.Release|Any CPU.Build.0 = Release|Any CPU
		{9D87FB1B-B5E7-446B-A10F-97959DB92B2E}.Debug|Any CPU.ActiveCfg = Debug|Any CPU
		{9D87FB1B-B5E7-446B-A10F-97959DB92B2E}.Debug|Any CPU.Build.0 = Debug|Any CPU
		{9D87FB1B-B5E7-446B-A10F-97959DB92B2E}.Release|Any CPU.ActiveCfg = Release|Any CPU
		{9D87FB1B-B5E7-446B-A10F-97959DB92B2E}.Release|Any CPU.Build.0 = Release|Any CPU
	EndGlobalSection
	GlobalSection(SolutionProperties) = preSolution
		HideSolutionNode = FALSE
	EndGlobalSection
	GlobalSection(NestedProjects) = preSolution
		{D47B9C5C-FB3B-4F61-BB39-AF61BAB9809A} = {9AB1F461-1EF0-4B74-9291-5AD5120FD8D4}
		{4C105848-5EA4-4FF0-AF4D-D05136D725FF} = {9AB1F461-1EF0-4B74-9291-5AD5120FD8D4}
		{3B4B6425-00DF-4A6D-A5DE-DBDFCDA7EEE0} = {9AB1F461-1EF0-4B74-9291-5AD5120FD8D4}
	EndGlobalSection
	GlobalSection(ExtensibilityGlobals) = postSolution
		SolutionGuid = {36F4255E-51C5-46FB-97FA-2D05608851ED}
	EndGlobalSection
EndGlobal
