
Microsoft Visual Studio Solution File, Format Version 12.00
# Visual Studio Version 17
VisualStudioVersion = 17.4.33205.214
MinimumVisualStudioVersion = 10.0.40219.1
Project("{FAE04EC0-301F-11D3-BF4B-00C04F79EFBC}") = "Session-04", "Session-04\Session-04.csproj", "{1321FE43-7B29-4E95-A424-7FF7E284C6EF}"
EndProject
Global
	GlobalSection(SolutionConfigurationPlatforms) = preSolution
		Debug|Any CPU = Debug|Any CPU
		Release|Any CPU = Release|Any CPU
	EndGlobalSection
	GlobalSection(ProjectConfigurationPlatforms) = postSolution
		{1321FE43-7B29-4E95-A424-7FF7E284C6EF}.Debug|Any CPU.ActiveCfg = Debug|Any CPU
		{1321FE43-7B29-4E95-A424-7FF7E284C6EF}.Debug|Any CPU.Build.0 = Debug|Any CPU
		{1321FE43-7B29-4E95-A424-7FF7E284C6EF}.Release|Any CPU.ActiveCfg = Release|Any CPU
		{1321FE43-7B29-4E95-A424-7FF7E284C6EF}.Release|Any CPU.Build.0 = Release|Any CPU
	EndGlobalSection
	GlobalSection(SolutionProperties) = preSolution
		HideSolutionNode = FALSE
	EndGlobalSection
	GlobalSection(ExtensibilityGlobals) = postSolution
		SolutionGuid = {3C960CC0-EE9A-435E-98B7-77D7E2F850BF}
	EndGlobalSection
EndGlobal
